
Microsoft Visual Studio Solution File, Format Version 12.00
# Visual Studio Version 17
VisualStudioVersion = 17.11.35327.3
MinimumVisualStudioVersion = 10.0.40219.1
Project("{FAE04EC0-301F-11D3-BF4B-00C04F79EFBC}") = "Auto", "Auto\Auto.csproj", "{6B7D3CB7-5B0A-4241-9AA2-9F25920259E3}"
EndProject
Global
	GlobalSection(SolutionConfigurationPlatforms) = preSolution
		Debug|Any CPU = Debug|Any CPU
		Release|Any CPU = Release|Any CPU
	EndGlobalSection
	GlobalSection(ProjectConfigurationPlatforms) = postSolution
		{6B7D3CB7-5B0A-4241-9AA2-9F25920259E3}.Debug|Any CPU.ActiveCfg = Debug|Any CPU
		{6B7D3CB7-5B0A-4241-9AA2-9F25920259E3}.Debug|Any CPU.Build.0 = Debug|Any CPU
		{6B7D3CB7-5B0A-4241-9AA2-9F25920259E3}.Release|Any CPU.ActiveCfg = Release|Any CPU
		{6B7D3CB7-5B0A-4241-9AA2-9F25920259E3}.Release|Any CPU.Build.0 = Release|Any CPU
	EndGlobalSection
	GlobalSection(SolutionProperties) = preSolution
		HideSolutionNode = FALSE
	EndGlobalSection
	GlobalSection(ExtensibilityGlobals) = postSolution
		SolutionGuid = {A8DD5314-E292-443E-98A6-5F2B50BF2D48}
	EndGlobalSection
EndGlobal
